
Microsoft Visual Studio Solution File, Format Version 12.00
# Visual Studio 2013
VisualStudioVersion = 12.0.20827.3
MinimumVisualStudioVersion = 10.0.40219.1
Project("{FAE04EC0-301F-11D3-BF4B-00C04F79EFBC}") = "PaganaSoft.WebForms", "PaganaSoft.WebForms\PaganaSoft.WebForms.csproj", "{6D9CBD0B-D751-463F-A373-81D0264E1FB5}"
EndProject
Project("{FAE04EC0-301F-11D3-BF4B-00C04F79EFBC}") = "PaganaSoft.Northwind.Data", "PaganaSoft.Northwind.Data\PaganaSoft.Northwind.Data.csproj", "{6DEF0E69-494B-4850-A318-D574E6FADCC4}"
EndProject
Project("{FAE04EC0-301F-11D3-BF4B-00C04F79EFBC}") = "PaganaSoft.Mvc", "PaganaSoft.Mvc\PaganaSoft.Mvc.csproj", "{5520EFE1-E956-44B5-97B4-C769DD05F89D}"
EndProject
Project("{FAE04EC0-301F-11D3-BF4B-00C04F79EFBC}") = "Paganasoft.UnitTest", "Paganasoft.UnitTest\Paganasoft.UnitTest.csproj", "{C92298D2-4EC3-47FA-85E6-DA00942B4D5C}"
EndProject
Project("{E24C65DC-7377-472B-9ABA-BC803B73C61A}") = "PaganaSoft.WebPages", "http://localhost:5615", "{D4C3713B-008A-4C4B-87A0-DE8E2FAE5DC0}"
	ProjectSection(WebsiteProperties) = preProject
		UseIISExpress = "true"
		TargetFrameworkMoniker = ".NETFramework,Version%3Dv4.5"
		Debug.AspNetCompiler.VirtualPath = "/localhost_5615"
		Debug.AspNetCompiler.PhysicalPath = "PaganaSoft.WebPages\"
		Debug.AspNetCompiler.TargetPath = "PrecompiledWeb\localhost_5615\"
		Debug.AspNetCompiler.Updateable = "true"
		Debug.AspNetCompiler.ForceOverwrite = "true"
		Debug.AspNetCompiler.FixedNames = "false"
		Debug.AspNetCompiler.Debug = "True"
		Release.AspNetCompiler.VirtualPath = "/localhost_5615"
		Release.AspNetCompiler.PhysicalPath = "PaganaSoft.WebPages\"
		Release.AspNetCompiler.TargetPath = "PrecompiledWeb\localhost_5615\"
		Release.AspNetCompiler.Updateable = "true"
		Release.AspNetCompiler.ForceOverwrite = "true"
		Release.AspNetCompiler.FixedNames = "false"
		Release.AspNetCompiler.Debug = "False"
		SlnRelativePath = "PaganaSoft.WebPages\"
		DefaultWebSiteLanguage = "Visual C#"
	EndProjectSection
EndProject
Global
	GlobalSection(SolutionConfigurationPlatforms) = preSolution
		Debug|Any CPU = Debug|Any CPU
		Release|Any CPU = Release|Any CPU
	EndGlobalSection
	GlobalSection(ProjectConfigurationPlatforms) = postSolution
		{6D9CBD0B-D751-463F-A373-81D0264E1FB5}.Debug|Any CPU.ActiveCfg = Debug|Any CPU
		{6D9CBD0B-D751-463F-A373-81D0264E1FB5}.Debug|Any CPU.Build.0 = Debug|Any CPU
		{6D9CBD0B-D751-463F-A373-81D0264E1FB5}.Release|Any CPU.ActiveCfg = Release|Any CPU
		{6D9CBD0B-D751-463F-A373-81D0264E1FB5}.Release|Any CPU.Build.0 = Release|Any CPU
		{6DEF0E69-494B-4850-A318-D574E6FADCC4}.Debug|Any CPU.ActiveCfg = Debug|Any CPU
		{6DEF0E69-494B-4850-A318-D574E6FADCC4}.Debug|Any CPU.Build.0 = Debug|Any CPU
		{6DEF0E69-494B-4850-A318-D574E6FADCC4}.Release|Any CPU.ActiveCfg = Release|Any CPU
		{6DEF0E69-494B-4850-A318-D574E6FADCC4}.Release|Any CPU.Build.0 = Release|Any CPU
		{5520EFE1-E956-44B5-97B4-C769DD05F89D}.Debug|Any CPU.ActiveCfg = Debug|Any CPU
		{5520EFE1-E956-44B5-97B4-C769DD05F89D}.Debug|Any CPU.Build.0 = Debug|Any CPU
		{5520EFE1-E956-44B5-97B4-C769DD05F89D}.Release|Any CPU.ActiveCfg = Release|Any CPU
		{5520EFE1-E956-44B5-97B4-C769DD05F89D}.Release|Any CPU.Build.0 = Release|Any CPU
		{C92298D2-4EC3-47FA-85E6-DA00942B4D5C}.Debug|Any CPU.ActiveCfg = Debug|Any CPU
		{C92298D2-4EC3-47FA-85E6-DA00942B4D5C}.Debug|Any CPU.Build.0 = Debug|Any CPU
		{C92298D2-4EC3-47FA-85E6-DA00942B4D5C}.Release|Any CPU.ActiveCfg = Release|Any CPU
		{C92298D2-4EC3-47FA-85E6-DA00942B4D5C}.Release|Any CPU.Build.0 = Release|Any CPU
		{D4C3713B-008A-4C4B-87A0-DE8E2FAE5DC0}.Debug|Any CPU.ActiveCfg = Debug|Any CPU
		{D4C3713B-008A-4C4B-87A0-DE8E2FAE5DC0}.Debug|Any CPU.Build.0 = Debug|Any CPU
		{D4C3713B-008A-4C4B-87A0-DE8E2FAE5DC0}.Release|Any CPU.ActiveCfg = Debug|Any CPU
		{D4C3713B-008A-4C4B-87A0-DE8E2FAE5DC0}.Release|Any CPU.Build.0 = Debug|Any CPU
	EndGlobalSection
	GlobalSection(SolutionProperties) = preSolution
		HideSolutionNode = FALSE
	EndGlobalSection
EndGlobal
